
Microsoft Visual Studio Solution File, Format Version 12.00
# Visual Studio Version 16
VisualStudioVersion = 16.0.28803.452
MinimumVisualStudioVersion = 10.0.40219.1
Project("{FAE04EC0-301F-11D3-BF4B-00C04F79EFBC}") = "ListBox", "ListBox\ListBox.csproj", "{31DF9FE5-EB81-46C8-8941-F539DD22106A}"
EndProject
Global
	GlobalSection(SolutionConfigurationPlatforms) = preSolution
		Debug|Any CPU = Debug|Any CPU
		Release|Any CPU = Release|Any CPU
	EndGlobalSection
	GlobalSection(ProjectConfigurationPlatforms) = postSolution
		{31DF9FE5-EB81-46C8-8941-F539DD22106A}.Debug|Any CPU.ActiveCfg = Debug|Any CPU
		{31DF9FE5-EB81-46C8-8941-F539DD22106A}.Debug|Any CPU.Build.0 = Debug|Any CPU
		{31DF9FE5-EB81-46C8-8941-F539DD22106A}.Release|Any CPU.ActiveCfg = Release|Any CPU
		{31DF9FE5-EB81-46C8-8941-F539DD22106A}.Release|Any CPU.Build.0 = Release|Any CPU
	EndGlobalSection
	GlobalSection(SolutionProperties) = preSolution
		HideSolutionNode = FALSE
	EndGlobalSection
	GlobalSection(ExtensibilityGlobals) = postSolution
		SolutionGuid = {F626BF25-CFFF-4235-AC8A-4125D6E605DD}
	EndGlobalSection
EndGlobal
